
Microsoft Visual Studio Solution File, Format Version 12.00
# Visual Studio Version 17
VisualStudioVersion = 17.12.35527.113
MinimumVisualStudioVersion = 10.0.40219.1
Project("{FAE04EC0-301F-11D3-BF4B-00C04F79EFBC}") = "TextureMaker", "TextureMaker.csproj", "{49B99B33-265B-4AA2-A287-5046C16B215A}"
EndProject
Project("{FAE04EC0-301F-11D3-BF4B-00C04F79EFBC}") = "OpenTKProject", "..\OpenTKProject\OpenTKProject.csproj", "{FC4AEA74-283C-437F-A1CF-6039641CDFA0}"
EndProject
Global
	GlobalSection(SolutionConfigurationPlatforms) = preSolution
		Debug|Any CPU = Debug|Any CPU
		Release|Any CPU = Release|Any CPU
	EndGlobalSection
	GlobalSection(ProjectConfigurationPlatforms) = postSolution
		{49B99B33-265B-4AA2-A287-5046C16B215A}.Debug|Any CPU.ActiveCfg = Debug|Any CPU
		{49B99B33-265B-4AA2-A287-5046C16B215A}.Debug|Any CPU.Build.0 = Debug|Any CPU
		{49B99B33-265B-4AA2-A287-5046C16B215A}.Release|Any CPU.ActiveCfg = Release|Any CPU
		{49B99B33-265B-4AA2-A287-5046C16B215A}.Release|Any CPU.Build.0 = Release|Any CPU
		{FC4AEA74-283C-437F-A1CF-6039641CDFA0}.Debug|Any CPU.ActiveCfg = Debug|Any CPU
		{FC4AEA74-283C-437F-A1CF-6039641CDFA0}.Debug|Any CPU.Build.0 = Debug|Any CPU
		{FC4AEA74-283C-437F-A1CF-6039641CDFA0}.Release|Any CPU.ActiveCfg = Release|Any CPU
		{FC4AEA74-283C-437F-A1CF-6039641CDFA0}.Release|Any CPU.Build.0 = Release|Any CPU
	EndGlobalSection
	GlobalSection(SolutionProperties) = preSolution
		HideSolutionNode = FALSE
	EndGlobalSection
EndGlobal
